// !$*UTF8*$!
{
	archiveVersion = 1;
	classes = {
	};
	objectVersion = 46;
	objects = {

/* Begin PBXBuildFile section */
		32D892E718DA2A1B00EC95D8 /* CCTask.m in Sources */ = {isa = PBXBuildFile; fileRef = 32D892E618DA2A1B00EC95D8 /* CCTask.m */; };
		32DE857818D9105200EA83DE /* Foundation.framework in Frameworks */ = {isa = PBXBuildFile; fileRef = 32DE857718D9105200EA83DE /* Foundation.framework */; };
		32DE857A18D9105200EA83DE /* CoreGraphics.framework in Frameworks */ = {isa = PBXBuildFile; fileRef = 32DE857918D9105200EA83DE /* CoreGraphics.framework */; };
		32DE857C18D9105200EA83DE /* UIKit.framework in Frameworks */ = {isa = PBXBuildFile; fileRef = 32DE857B18D9105200EA83DE /* UIKit.framework */; };
		32DE858218D9105200EA83DE /* InfoPlist.strings in Resources */ = {isa = PBXBuildFile; fileRef = 32DE858018D9105200EA83DE /* InfoPlist.strings */; };
		32DE858418D9105200EA83DE /* main.m in Sources */ = {isa = PBXBuildFile; fileRef = 32DE858318D9105200EA83DE /* main.m */; };
		32DE858818D9105200EA83DE /* CCAppDelegate.m in Sources */ = {isa = PBXBuildFile; fileRef = 32DE858718D9105200EA83DE /* CCAppDelegate.m */; };
		32DE858B18D9105200EA83DE /* Main.storyboard in Resources */ = {isa = PBXBuildFile; fileRef = 32DE858918D9105200EA83DE /* Main.storyboard */; };
		32DE858E18D9105200EA83DE /* CCViewController.m in Sources */ = {isa = PBXBuildFile; fileRef = 32DE858D18D9105200EA83DE /* CCViewController.m */; };
		32DE859018D9105200EA83DE /* Images.xcassets in Resources */ = {isa = PBXBuildFile; fileRef = 32DE858F18D9105200EA83DE /* Images.xcassets */; };
		32DE859718D9105200EA83DE /* XCTest.framework in Frameworks */ = {isa = PBXBuildFile; fileRef = 32DE859618D9105200EA83DE /* XCTest.framework */; };
		32DE859818D9105200EA83DE /* Foundation.framework in Frameworks */ = {isa = PBXBuildFile; fileRef = 32DE857718D9105200EA83DE /* Foundation.framework */; };
		32DE859918D9105200EA83DE /* UIKit.framework in Frameworks */ = {isa = PBXBuildFile; fileRef = 32DE857B18D9105200EA83DE /* UIKit.framework */; };
		32DE85A118D9105200EA83DE /* InfoPlist.strings in Resources */ = {isa = PBXBuildFile; fileRef = 32DE859F18D9105200EA83DE /* InfoPlist.strings */; };
		32DE85A318D9105200EA83DE /* Assignment2Tests.m in Sources */ = {isa = PBXBuildFile; fileRef = 32DE85A218D9105200EA83DE /* Assignment2Tests.m */; };
		32DE85AE18D9109300EA83DE /* CCAddTaskViewController.m in Sources */ = {isa = PBXBuildFile; fileRef = 32DE85AD18D9109300EA83DE /* CCAddTaskViewController.m */; };
		32DE85B118D910AA00EA83DE /* CCDetailTaskViewController.m in Sources */ = {isa = PBXBuildFile; fileRef = 32DE85B018D910AA00EA83DE /* CCDetailTaskViewController.m */; };
		32DE85B418D910B300EA83DE /* CCEditTaskViewController.m in Sources */ = {isa = PBXBuildFile; fileRef = 32DE85B318D910B300EA83DE /* CCEditTaskViewController.m */; };
/* End PBXBuildFile section */

/* Begin PBXContainerItemProxy section */
		32DE859A18D9105200EA83DE /* PBXContainerItemProxy */ = {
			isa = PBXContainerItemProxy;
			containerPortal = 32DE856C18D9105200EA83DE /* Project object */;
			proxyType = 1;
			remoteGlobalIDString = 32DE857318D9105200EA83DE;
			remoteInfo = Assignment2;
		};
/* End PBXContainerItemProxy section */

/* Begin PBXFileReference section */
		32D892E518DA2A1B00EC95D8 /* CCTask.h */ = {isa = PBXFileReference; fileEncoding = 4; lastKnownFileType = sourcecode.c.h; path = CCTask.h; sourceTree = "<group>"; };
		32D892E618DA2A1B00EC95D8 /* CCTask.m */ = {isa = PBXFileReference; fileEncoding = 4; lastKnownFileType = sourcecode.c.objc; path = CCTask.m; sourceTree = "<group>"; };
		32DE857418D9105200EA83DE /* Assignment2.app */ = {isa = PBXFileReference; explicitFileType = wrapper.application; includeInIndex = 0; path = Assignment2.app; sourceTree = BUILT_PRODUCTS_DIR; };
		32DE857718D9105200EA83DE /* Foundation.framework */ = {isa = PBXFileReference; lastKnownFileType = wrapper.framework; name = Foundation.framework; path = System/Library/Frameworks/Foundation.framework; sourceTree = SDKROOT; };
		32DE857918D9105200EA83DE /* CoreGraphics.framework */ = {isa = PBXFileReference; lastKnownFileType = wrapper.framework; name = CoreGraphics.framework; path = System/Library/Frameworks/CoreGraphics.framework; sourceTree = SDKROOT; };
		32DE857B18D9105200EA83DE /* UIKit.framework */ = {isa = PBXFileReference; lastKnownFileType = wrapper.framework; name = UIKit.framework; path = System/Library/Frameworks/UIKit.framework; sourceTree = SDKROOT; };
		32DE857F18D9105200EA83DE /* Assignment2-Info.plist */ = {isa = PBXFileReference; lastKnownFileType = text.plist.xml; path = "Assignment2-Info.plist"; sourceTree = "<group>"; };
		32DE858118D9105200EA83DE /* en */ = {isa = PBXFileReference; lastKnownFileType = text.plist.strings; name = en; path = en.lproj/InfoPlist.strings; sourceTree = "<group>"; };
		32DE858318D9105200EA83DE /* main.m */ = {isa = PBXFileReference; lastKnownFileType = sourcecode.c.objc; path = main.m; sourceTree = "<group>"; };
		32DE858518D9105200EA83DE /* Assignment2-Prefix.pch */ = {isa = PBXFileReference; lastKnownFileType = sourcecode.c.h; path = "Assignment2-Prefix.pch"; sourceTree = "<group>"; };
		32DE858618D9105200EA83DE /* CCAppDelegate.h */ = {isa = PBXFileReference; lastKnownFileType = sourcecode.c.h; path = CCAppDelegate.h; sourceTree = "<group>"; };
		32DE858718D9105200EA83DE /* CCAppDelegate.m */ = {isa = PBXFileReference; lastKnownFileType = sourcecode.c.objc; path = CCAppDelegate.m; sourceTree = "<group>"; };
		32DE858A18D9105200EA83DE /* Base */ = {isa = PBXFileReference; lastKnownFileType = file.storyboard; name = Base; path = Base.lproj/Main.storyboard; sourceTree = "<group>"; };
		32DE858C18D9105200EA83DE /* CCViewController.h */ = {isa = PBXFileReference; lastKnownFileType = sourcecode.c.h; path = CCViewController.h; sourceTree = "<group>"; };
		32DE858D18D9105200EA83DE /* CCViewController.m */ = {isa = PBXFileReference; lastKnownFileType = sourcecode.c.objc; path = CCViewController.m; sourceTree = "<group>"; };
		32DE858F18D9105200EA83DE /* Images.xcassets */ = {isa = PBXFileReference; lastKnownFileType = folder.assetcatalog; path = Images.xcassets; sourceTree = "<group>"; };
		32DE859518D9105200EA83DE /* Assignment2Tests.xctest */ = {isa = PBXFileReference; explicitFileType = wrapper.cfbundle; includeInIndex = 0; path = Assignment2Tests.xctest; sourceTree = BUILT_PRODUCTS_DIR; };
		32DE859618D9105200EA83DE /* XCTest.framework */ = {isa = PBXFileReference; lastKnownFileType = wrapper.framework; name = XCTest.framework; path = Library/Frameworks/XCTest.framework; sourceTree = DEVELOPER_DIR; };
		32DE859E18D9105200EA83DE /* Assignment2Tests-Info.plist */ = {isa = PBXFileReference; lastKnownFileType = text.plist.xml; path = "Assignment2Tests-Info.plist"; sourceTree = "<group>"; };
		32DE85A018D9105200EA83DE /* en */ = {isa = PBXFileReference; lastKnownFileType = text.plist.strings; name = en; path = en.lproj/InfoPlist.strings; sourceTree = "<group>"; };
		32DE85A218D9105200EA83DE /* Assignment2Tests.m */ = {isa = PBXFileReference; lastKnownFileType = sourcecode.c.objc; path = Assignment2Tests.m; sourceTree = "<group>"; };
		32DE85AC18D9109300EA83DE /* CCAddTaskViewController.h */ = {isa = PBXFileReference; fileEncoding = 4; lastKnownFileType = sourcecode.c.h; path = CCAddTaskViewController.h; sourceTree = "<group>"; };
		32DE85AD18D9109300EA83DE /* CCAddTaskViewController.m */ = {isa = PBXFileReference; fileEncoding = 4; lastKnownFileType = sourcecode.c.objc; path = CCAddTaskViewController.m; sourceTree = "<group>"; };
		32DE85AF18D910AA00EA83DE /* CCDetailTaskViewController.h */ = {isa = PBXFileReference; fileEncoding = 4; lastKnownFileType = sourcecode.c.h; path = CCDetailTaskViewController.h; sourceTree = "<group>"; };
		32DE85B018D910AA00EA83DE /* CCDetailTaskViewController.m */ = {isa = PBXFileReference; fileEncoding = 4; lastKnownFileType = sourcecode.c.objc; path = CCDetailTaskViewController.m; sourceTree = "<group>"; };
		32DE85B218D910B300EA83DE /* CCEditTaskViewController.h */ = {isa = PBXFileReference; fileEncoding = 4; lastKnownFileType = sourcecode.c.h; path = CCEditTaskViewController.h; sourceTree = "<group>"; };
		32DE85B318D910B300EA83DE /* CCEditTaskViewController.m */ = {isa = PBXFileReference; fileEncoding = 4; lastKnownFileType = sourcecode.c.objc; path = CCEditTaskViewController.m; sourceTree = "<group>"; };
/* End PBXFileReference section */

/* Begin PBXFrameworksBuildPhase section */
		32DE857118D9105200EA83DE /* Frameworks */ = {
			isa = PBXFrameworksBuildPhase;
			buildActionMask = 2147483647;
			files = (
				32DE857A18D9105200EA83DE /* CoreGraphics.framework in Frameworks */,
				32DE857C18D9105200EA83DE /* UIKit.framework in Frameworks */,
				32DE857818D9105200EA83DE /* Foundation.framework in Frameworks */,
			);
			runOnlyForDeploymentPostprocessing = 0;
		};
		32DE859218D9105200EA83DE /* Frameworks */ = {
			isa = PBXFrameworksBuildPhase;
			buildActionMask = 2147483647;
			files = (
				32DE859718D9105200EA83DE /* XCTest.framework in Frameworks */,
				32DE859918D9105200EA83DE /* UIKit.framework in Frameworks */,
				32DE859818D9105200EA83DE /* Foundation.framework in Frameworks */,
			);
			runOnlyForDeploymentPostprocessing = 0;
		};
/* End PBXFrameworksBuildPhase section */

/* Begin PBXGroup section */
		32D892E418DA29FE00EC95D8 /* Models */ = {
			isa = PBXGroup;
			children = (
				32D892E518DA2A1B00EC95D8 /* CCTask.h */,
				32D892E618DA2A1B00EC95D8 /* CCTask.m */,
			);
			name = Models;
			sourceTree = "<group>";
		};
		32DE856B18D9105200EA83DE = {
			isa = PBXGroup;
			children = (
				32DE857D18D9105200EA83DE /* Assignment2 */,
				32DE859C18D9105200EA83DE /* Assignment2Tests */,
				32DE857618D9105200EA83DE /* Frameworks */,
				32DE857518D9105200EA83DE /* Products */,
			);
			sourceTree = "<group>";
		};
		32DE857518D9105200EA83DE /* Products */ = {
			isa = PBXGroup;
			children = (
				32DE857418D9105200EA83DE /* Assignment2.app */,
				32DE859518D9105200EA83DE /* Assignment2Tests.xctest */,
			);
			name = Products;
			sourceTree = "<group>";
		};
		32DE857618D9105200EA83DE /* Frameworks */ = {
			isa = PBXGroup;
			children = (
				32DE857718D9105200EA83DE /* Foundation.framework */,
				32DE857918D9105200EA83DE /* CoreGraphics.framework */,
				32DE857B18D9105200EA83DE /* UIKit.framework */,
				32DE859618D9105200EA83DE /* XCTest.framework */,
			);
			name = Frameworks;
			sourceTree = "<group>";
		};
		32DE857D18D9105200EA83DE /* Assignment2 */ = {
			isa = PBXGroup;
			children = (
				32DE858618D9105200EA83DE /* CCAppDelegate.h */,
				32DE858718D9105200EA83DE /* CCAppDelegate.m */,
				32DE858918D9105200EA83DE /* Main.storyboard */,
				32DE858C18D9105200EA83DE /* CCViewController.h */,
				32DE858D18D9105200EA83DE /* CCViewController.m */,
				32DE85AC18D9109300EA83DE /* CCAddTaskViewController.h */,
				32DE85AD18D9109300EA83DE /* CCAddTaskViewController.m */,
				32DE85AF18D910AA00EA83DE /* CCDetailTaskViewController.h */,
				32DE85B018D910AA00EA83DE /* CCDetailTaskViewController.m */,
				32DE85B218D910B300EA83DE /* CCEditTaskViewController.h */,
				32DE85B318D910B300EA83DE /* CCEditTaskViewController.m */,
				32D892E418DA29FE00EC95D8 /* Models */,
				32DE858F18D9105200EA83DE /* Images.xcassets */,
				32DE857E18D9105200EA83DE /* Supporting Files */,
			);
			path = Assignment2;
			sourceTree = "<group>";
		};
		32DE857E18D9105200EA83DE /* Supporting Files */ = {
			isa = PBXGroup;
			children = (
				32DE857F18D9105200EA83DE /* Assignment2-Info.plist */,
				32DE858018D9105200EA83DE /* InfoPlist.strings */,
				32DE858318D9105200EA83DE /* main.m */,
				32DE858518D9105200EA83DE /* Assignment2-Prefix.pch */,
			);
			name = "Supporting Files";
			sourceTree = "<group>";
		};
		32DE859C18D9105200EA83DE /* Assignment2Tests */ = {
			isa = PBXGroup;
			children = (
				32DE85A218D9105200EA83DE /* Assignment2Tests.m */,
				32DE859D18D9105200EA83DE /* Supporting Files */,
			);
			path = Assignment2Tests;
			sourceTree = "<group>";
		};
		32DE859D18D9105200EA83DE /* Supporting Files */ = {
			isa = PBXGroup;
			children = (
				32DE859E18D9105200EA83DE /* Assignment2Tests-Info.plist */,
				32DE859F18D9105200EA83DE /* InfoPlist.strings */,
			);
			name = "Supporting Files";
			sourceTree = "<group>";
		};
/* End PBXGroup section */

/* Begin PBXNativeTarget section */
		32DE857318D9105200EA83DE /* Assignment2 */ = {
			isa = PBXNativeTarget;
			buildConfigurationList = 32DE85A618D9105200EA83DE /* Build configuration list for PBXNativeTarget "Assignment2" */;
			buildPhases = (
				32DE857018D9105200EA83DE /* Sources */,
				32DE857118D9105200EA83DE /* Frameworks */,
				32DE857218D9105200EA83DE /* Resources */,
			);
			buildRules = (
			);
			dependencies = (
			);
			name = Assignment2;
			productName = Assignment2;
			productReference = 32DE857418D9105200EA83DE /* Assignment2.app */;
			productType = "com.apple.product-type.application";
		};
		32DE859418D9105200EA83DE /* Assignment2Tests */ = {
			isa = PBXNativeTarget;
			buildConfigurationList = 32DE85A918D9105200EA83DE /* Build configuration list for PBXNativeTarget "Assignment2Tests" */;
			buildPhases = (
				32DE859118D9105200EA83DE /* Sources */,
				32DE859218D9105200EA83DE /* Frameworks */,
				32DE859318D9105200EA83DE /* Resources */,
			);
			buildRules = (
			);
			dependencies = (
				32DE859B18D9105200EA83DE /* PBXTargetDependency */,
			);
			name = Assignment2Tests;
			productName = Assignment2Tests;
			productReference = 32DE859518D9105200EA83DE /* Assignment2Tests.xctest */;
			productType = "com.apple.product-type.bundle.unit-test";
		};
/* End PBXNativeTarget section */

/* Begin PBXProject section */
		32DE856C18D9105200EA83DE /* Project object */ = {
			isa = PBXProject;
			attributes = {
				CLASSPREFIX = CC;
				LastUpgradeCheck = 0510;
				ORGANIZATIONNAME = "Raz Labs";
				TargetAttributes = {
					32DE859418D9105200EA83DE = {
						TestTargetID = 32DE857318D9105200EA83DE;
					};
				};
			};
			buildConfigurationList = 32DE856F18D9105200EA83DE /* Build configuration list for PBXProject "Assignment2" */;
			compatibilityVersion = "Xcode 3.2";
			developmentRegion = English;
			hasScannedForEncodings = 0;
			knownRegions = (
				en,
				Base,
			);
			mainGroup = 32DE856B18D9105200EA83DE;
			productRefGroup = 32DE857518D9105200EA83DE /* Products */;
			projectDirPath = "";
			projectRoot = "";
			targets = (
				32DE857318D9105200EA83DE /* Assignment2 */,
				32DE859418D9105200EA83DE /* Assignment2Tests */,
			);
		};
/* End PBXProject section */

/* Begin PBXResourcesBuildPhase section */
		32DE857218D9105200EA83DE /* Resources */ = {
			isa = PBXResourcesBuildPhase;
			buildActionMask = 2147483647;
			files = (
				32DE859018D9105200EA83DE /* Images.xcassets in Resources */,
				32DE858218D9105200EA83DE /* InfoPlist.strings in Resources */,
				32DE858B18D9105200EA83DE /* Main.storyboard in Resources */,
			);
			runOnlyForDeploymentPostprocessing = 0;
		};
		32DE859318D9105200EA83DE /* Resources */ = {
			isa = PBXResourcesBuildPhase;
			buildActionMask = 2147483647;
			files = (
				32DE85A118D9105200EA83DE /* InfoPlist.strings in Resources */,
			);
			runOnlyForDeploymentPostprocessing = 0;
		};
/* End PBXResourcesBuildPhase section */

/* Begin PBXSourcesBuildPhase section */
		32DE857018D9105200EA83DE /* Sources */ = {
			isa = PBXSourcesBuildPhase;
			buildActionMask = 2147483647;
			files = (
				32DE858818D9105200EA83DE /* CCAppDelegate.m in Sources */,
				32DE85B118D910AA00EA83DE /* CCDetailTaskViewController.m in Sources */,
				32DE85AE18D9109300EA83DE /* CCAddTaskViewController.m in Sources */,
				32DE858418D9105200EA83DE /* main.m in Sources */,
				32D892E718DA2A1B00EC95D8 /* CCTask.m in Sources */,
				32DE858E18D9105200EA83DE /* CCViewController.m in Sources */,
				32DE85B418D910B300EA83DE /* CCEditTaskViewController.m in Sources */,
			);
			runOnlyForDeploymentPostprocessing = 0;
		};
		32DE859118D9105200EA83DE /* Sources */ = {
			isa = PBXSourcesBuildPhase;
			buildActionMask = 2147483647;
			files = (
				32DE85A318D9105200EA83DE /* Assignment2Tests.m in Sources */,
			);
			runOnlyForDeploymentPostprocessing = 0;
		};
/* End PBXSourcesBuildPhase section */

/* Begin PBXTargetDependency section */
		32DE859B18D9105200EA83DE /* PBXTargetDependency */ = {
			isa = PBXTargetDependency;
			target = 32DE857318D9105200EA83DE /* Assignment2 */;
			targetProxy = 32DE859A18D9105200EA83DE /* PBXContainerItemProxy */;
		};
/* End PBXTargetDependency section */

/* Begin PBXVariantGroup section */
		32DE858018D9105200EA83DE /* InfoPlist.strings */ = {
			isa = PBXVariantGroup;
			children = (
				32DE858118D9105200EA83DE /* en */,
			);
			name = InfoPlist.strings;
			sourceTree = "<group>";
		};
		32DE858918D9105200EA83DE /* Main.storyboard */ = {
			isa = PBXVariantGroup;
			children = (
				32DE858A18D9105200EA83DE /* Base */,
			);
			name = Main.storyboard;
			sourceTree = "<group>";
		};
		32DE859F18D9105200EA83DE /* InfoPlist.strings */ = {
			isa = PBXVariantGroup;
			children = (
				32DE85A018D9105200EA83DE /* en */,
			);
			name = InfoPlist.strings;
			sourceTree = "<group>";
		};
/* End PBXVariantGroup section */

/* Begin XCBuildConfiguration section */
		32DE85A418D9105200EA83DE /* Debug */ = {
			isa = XCBuildConfiguration;
			buildSettings = {
				ALWAYS_SEARCH_USER_PATHS = NO;
				CLANG_CXX_LANGUAGE_STANDARD = "gnu++0x";
				CLANG_CXX_LIBRARY = "libc++";
				CLANG_ENABLE_MODULES = YES;
				CLANG_ENABLE_OBJC_ARC = YES;
				CLANG_WARN_BOOL_CONVERSION = YES;
				CLANG_WARN_CONSTANT_CONVERSION = YES;
				CLANG_WARN_DIRECT_OBJC_ISA_USAGE = YES_ERROR;
				CLANG_WARN_EMPTY_BODY = YES;
				CLANG_WARN_ENUM_CONVERSION = YES;
				CLANG_WARN_INT_CONVERSION = YES;
				CLANG_WARN_OBJC_ROOT_CLASS = YES_ERROR;
				CLANG_WARN__DUPLICATE_METHOD_MATCH = YES;
				"CODE_SIGN_IDENTITY[sdk=iphoneos*]" = "iPhone Developer";
				COPY_PHASE_STRIP = NO;
				GCC_C_LANGUAGE_STANDARD = gnu99;
				GCC_DYNAMIC_NO_PIC = NO;
				GCC_OPTIMIZATION_LEVEL = 0;
				GCC_PREPROCESSOR_DEFINITIONS = (
					"DEBUG=1",
					"$(inherited)",
				);
				GCC_SYMBOLS_PRIVATE_EXTERN = NO;
				GCC_WARN_64_TO_32_BIT_CONVERSION = YES;
				GCC_WARN_ABOUT_RETURN_TYPE = YES_ERROR;
				GCC_WARN_UNDECLARED_SELECTOR = YES;
				GCC_WARN_UNINITIALIZED_AUTOS = YES_AGGRESSIVE;
				GCC_WARN_UNUSED_FUNCTION = YES;
				GCC_WARN_UNUSED_VARIABLE = YES;
				IPHONEOS_DEPLOYMENT_TARGET = 7.1;
				ONLY_ACTIVE_ARCH = YES;
				SDKROOT = iphoneos;
			};
			name = Debug;
		};
		32DE85A518D9105200EA83DE /* Release */ = {
			isa = XCBuildConfiguration;
			buildSettings = {
				ALWAYS_SEARCH_USER_PATHS = NO;
				CLANG_CXX_LANGUAGE_STANDARD = "gnu++0x";
				CLANG_CXX_LIBRARY = "libc++";
				CLANG_ENABLE_MODULES = YES;
				CLANG_ENABLE_OBJC_ARC = YES;
				CLANG_WARN_BOOL_CONVERSION = YES;
				CLANG_WARN_CONSTANT_CONVERSION = YES;
				CLANG_WARN_DIRECT_OBJC_ISA_USAGE = YES_ERROR;
				CLANG_WARN_EMPTY_BODY = YES;
				CLANG_WARN_ENUM_CONVERSION = YES;
				CLANG_WARN_INT_CONVERSION = YES;
				CLANG_WARN_OBJC_ROOT_CLASS = YES_ERROR;
				CLANG_WARN__DUPLICATE_METHOD_MATCH = YES;
				"CODE_SIGN_IDENTITY[sdk=iphoneos*]" = "iPhone Developer";
				COPY_PHASE_STRIP = YES;
				ENABLE_NS_ASSERTIONS = NO;
				GCC_C_LANGUAGE_STANDARD = gnu99;
				GCC_WARN_64_TO_32_BIT_CONVERSION = YES;
				GCC_WARN_ABOUT_RETURN_TYPE = YES_ERROR;
				GCC_WARN_UNDECLARED_SELECTOR = YES;
				GCC_WARN_UNINITIALIZED_AUTOS = YES_AGGRESSIVE;
				GCC_WARN_UNUSED_FUNCTION = YES;
				GCC_WARN_UNUSED_VARIABLE = YES;
				IPHONEOS_DEPLOYMENT_TARGET = 7.1;
				SDKROOT = iphoneos;
				VALIDATE_PRODUCT = YES;
			};
			name = Release;
		};
		32DE85A718D9105200EA83DE /* Debug */ = {
			isa = XCBuildConfiguration;
			buildSettings = {
				ASSETCATALOG_COMPILER_APPICON_NAME = AppIcon;
				ASSETCATALOG_COMPILER_LAUNCHIMAGE_NAME = LaunchImage;
				GCC_PRECOMPILE_PREFIX_HEADER = YES;
				GCC_PREFIX_HEADER = "Assignment2/Assignment2-Prefix.pch";
				INFOPLIST_FILE = "Assignment2/Assignment2-Info.plist";
				PRODUCT_NAME = "$(TARGET_NAME)";
				WRAPPER_EXTENSION = app;
			};
			name = Debug;
		};
		32DE85A818D9105200EA83DE /* Release */ = {
			isa = XCBuildConfiguration;
			buildSettings = {
				ASSETCATALOG_COMPILER_APPICON_NAME = AppIcon;
				ASSETCATALOG_COMPILER_LAUNCHIMAGE_NAME = LaunchImage;
				GCC_PRECOMPILE_PREFIX_HEADER = YES;
				GCC_PREFIX_HEADER = "Assignment2/Assignment2-Prefix.pch";
				INFOPLIST_FILE = "Assignment2/Assignment2-Info.plist";
				PRODUCT_NAME = "$(TARGET_NAME)";
				WRAPPER_EXTENSION = app;
			};
			name = Release;
		};
		32DE85AA18D9105200EA83DE /* Debug */ = {
			isa = XCBuildConfiguration;
			buildSettings = {
				BUNDLE_LOADER = "$(BUILT_PRODUCTS_DIR)/Assignment2.app/Assignment2";
				FRAMEWORK_SEARCH_PATHS = (
					"$(SDKROOT)/Developer/Library/Frameworks",
					"$(inherited)",
					"$(DEVELOPER_FRAMEWORKS_DIR)",
				);
				GCC_PRECOMPILE_PREFIX_HEADER = YES;
				GCC_PREFIX_HEADER = "Assignment2/Assignment2-Prefix.pch";
				GCC_PREPROCESSOR_DEFINITIONS = (
					"DEBUG=1",
					"$(inherited)",
				);
				INFOPLIST_FILE = "Assignment2Tests/Assignment2Tests-Info.plist";
				PRODUCT_NAME = "$(TARGET_NAME)";
				TEST_HOST = "$(BUNDLE_LOADER)";
				WRAPPER_EXTENSION = xctest;
			};
			name = Debug;
		};
		32DE85AB18D9105200EA83DE /* Release */ = {
			isa = XCBuildConfiguration;
			buildSettings = {
				BUNDLE_LOADER = "$(BUILT_PRODUCTS_DIR)/Assignment2.app/Assignment2";
				FRAMEWORK_SEARCH_PATHS = (
					"$(SDKROOT)/Developer/Library/Frameworks",
					"$(inherited)",
					"$(DEVELOPER_FRAMEWORKS_DIR)",
				);
				GCC_PRECOMPILE_PREFIX_HEADER = YES;
				GCC_PREFIX_HEADER = "Assignment2/Assignment2-Prefix.pch";
				INFOPLIST_FILE = "Assignment2Tests/Assignment2Tests-Info.plist";
				PRODUCT_NAME = "$(TARGET_NAME)";
				TEST_HOST = "$(BUNDLE_LOADER)";
				WRAPPER_EXTENSION = xctest;
			};
			name = Release;
		};
/* End XCBuildConfiguration section */

/* Begin XCConfigurationList section */
		32DE856F18D9105200EA83DE /* Build configuration list for PBXProject "Assignment2" */ = {
			isa = XCConfigurationList;
			buildConfigurations = (
				32DE85A418D9105200EA83DE /* Debug */,
				32DE85A518D9105200EA83DE /* Release */,
			);
			defaultConfigurationIsVisible = 0;
			defaultConfigurationName = Release;
		};
		32DE85A618D9105200EA83DE /* Build configuration list for PBXNativeTarget "Assignment2" */ = {
			isa = XCConfigurationList;
			buildConfigurations = (
				32DE85A718D9105200EA83DE /* Debug */,
				32DE85A818D9105200EA83DE /* Release */,
			);
			defaultConfigurationIsVisible = 0;
			defaultConfigurationName = Release;
		};
		32DE85A918D9105200EA83DE /* Build configuration list for PBXNativeTarget "Assignment2Tests" */ = {
			isa = XCConfigurationList;
			buildConfigurations = (
				32DE85AA18D9105200EA83DE /* Debug */,
				32DE85AB18D9105200EA83DE /* Release */,
			);
			defaultConfigurationIsVisible = 0;
			defaultConfigurationName = Release;
		};
/* End XCConfigurationList section */
	};
	rootObject = 32DE856C18D9105200EA83DE /* Project object */;
}
